
Microsoft Visual Studio Solution File, Format Version 12.00
# Visual Studio Version 16
VisualStudioVersion = 16.0.30804.86
MinimumVisualStudioVersion = 10.0.40219.1
Project("{FAE04EC0-301F-11D3-BF4B-00C04F79EFBC}") = "GenericLinkedList", "GenericLinkedList.csproj", "{4787E95E-7C20-44E5-A98E-E89D8F075033}"
EndProject
Global
	GlobalSection(SolutionConfigurationPlatforms) = preSolution
		Debug|Any CPU = Debug|Any CPU
		Release|Any CPU = Release|Any CPU
	EndGlobalSection
	GlobalSection(ProjectConfigurationPlatforms) = postSolution
		{4787E95E-7C20-44E5-A98E-E89D8F075033}.Debug|Any CPU.ActiveCfg = Debug|Any CPU
		{4787E95E-7C20-44E5-A98E-E89D8F075033}.Debug|Any CPU.Build.0 = Debug|Any CPU
		{4787E95E-7C20-44E5-A98E-E89D8F075033}.Release|Any CPU.ActiveCfg = Release|Any CPU
		{4787E95E-7C20-44E5-A98E-E89D8F075033}.Release|Any CPU.Build.0 = Release|Any CPU
	EndGlobalSection
	GlobalSection(SolutionProperties) = preSolution
		HideSolutionNode = FALSE
	EndGlobalSection
	GlobalSection(ExtensibilityGlobals) = postSolution
		SolutionGuid = {1C3C8BB9-395A-49B8-90C5-90F0680D11BC}
	EndGlobalSection
EndGlobal
